
Microsoft Visual Studio Solution File, Format Version 12.00
# Visual Studio Version 16
VisualStudioVersion = 16.0.33027.164
MinimumVisualStudioVersion = 10.0.40219.1
Project("{FAE04EC0-301F-11D3-BF4B-00C04F79EFBC}") = "course_test", "course_test\course_test.csproj", "{F5037956-367A-4E11-BB64-35FA8A5B37FB}"
EndProject
Project("{FAE04EC0-301F-11D3-BF4B-00C04F79EFBC}") = "DataLayer", "DataLayer\DataLayer.csproj", "{586F2DF4-2C3E-41A3-AAE3-1E49FFB1DB58}"
EndProject
Global
	GlobalSection(SolutionConfigurationPlatforms) = preSolution
		Debug|Any CPU = Debug|Any CPU
		Release|Any CPU = Release|Any CPU
	EndGlobalSection
	GlobalSection(ProjectConfigurationPlatforms) = postSolution
		{F5037956-367A-4E11-BB64-35FA8A5B37FB}.Debug|Any CPU.ActiveCfg = Debug|Any CPU
		{F5037956-367A-4E11-BB64-35FA8A5B37FB}.Debug|Any CPU.Build.0 = Debug|Any CPU
		{F5037956-367A-4E11-BB64-35FA8A5B37FB}.Release|Any CPU.ActiveCfg = Release|Any CPU
		{F5037956-367A-4E11-BB64-35FA8A5B37FB}.Release|Any CPU.Build.0 = Release|Any CPU
		{586F2DF4-2C3E-41A3-AAE3-1E49FFB1DB58}.Debug|Any CPU.ActiveCfg = Debug|Any CPU
		{586F2DF4-2C3E-41A3-AAE3-1E49FFB1DB58}.Debug|Any CPU.Build.0 = Debug|Any CPU
		{586F2DF4-2C3E-41A3-AAE3-1E49FFB1DB58}.Release|Any CPU.ActiveCfg = Release|Any CPU
		{586F2DF4-2C3E-41A3-AAE3-1E49FFB1DB58}.Release|Any CPU.Build.0 = Release|Any CPU
	EndGlobalSection
	GlobalSection(SolutionProperties) = preSolution
		HideSolutionNode = FALSE
	EndGlobalSection
	GlobalSection(ExtensibilityGlobals) = postSolution
		SolutionGuid = {0551D2B5-A868-4FC6-A7E5-E0BEA7605C2B}
	EndGlobalSection
EndGlobal
